
Microsoft Visual Studio Solution File, Format Version 12.00
# Visual Studio Version 16
VisualStudioVersion = 16.0.31911.196
MinimumVisualStudioVersion = 10.0.40219.1
Project("{FAE04EC0-301F-11D3-BF4B-00C04F79EFBC}") = "TMTDemoMongDb", "TMTDemoMongDb\TMTDemoMongDb.csproj", "{39F0AE53-FB7A-4097-8C98-7E2B3FCC80D8}"
EndProject
Global
	GlobalSection(SolutionConfigurationPlatforms) = preSolution
		Debug|Any CPU = Debug|Any CPU
		Release|Any CPU = Release|Any CPU
	EndGlobalSection
	GlobalSection(ProjectConfigurationPlatforms) = postSolution
		{39F0AE53-FB7A-4097-8C98-7E2B3FCC80D8}.Debug|Any CPU.ActiveCfg = Debug|Any CPU
		{39F0AE53-FB7A-4097-8C98-7E2B3FCC80D8}.Debug|Any CPU.Build.0 = Debug|Any CPU
		{39F0AE53-FB7A-4097-8C98-7E2B3FCC80D8}.Release|Any CPU.ActiveCfg = Release|Any CPU
		{39F0AE53-FB7A-4097-8C98-7E2B3FCC80D8}.Release|Any CPU.Build.0 = Release|Any CPU
	EndGlobalSection
	GlobalSection(SolutionProperties) = preSolution
		HideSolutionNode = FALSE
	EndGlobalSection
	GlobalSection(ExtensibilityGlobals) = postSolution
		SolutionGuid = {8DEC6ED3-CA0A-4024-A5B9-E594B8D59390}
	EndGlobalSection
EndGlobal
